
Microsoft Visual Studio Solution File, Format Version 12.00
# Visual Studio Version 17
VisualStudioVersion = 17.0.31903.59
MinimumVisualStudioVersion = 10.0.40219.1
Project("{2150E333-8FDC-42A3-9474-1A3956D46DE8}") = "src", "src", "{4281858B-23F1-4521-B4AE-7E97A0736BFD}"
EndProject
Project("{FAE04EC0-301F-11D3-BF4B-00C04F79EFBC}") = "CsharpTrainingTesting.App", "src\CsharpTrainingTesting.App\CsharpTrainingTesting.App.csproj", "{B9376E50-669D-4B8F-953E-A723A74AD31A}"
EndProject
Project("{2150E333-8FDC-42A3-9474-1A3956D46DE8}") = "test", "test", "{D0EE6C5C-4DD5-40B6-B051-BBEB607E346D}"
EndProject
Project("{FAE04EC0-301F-11D3-BF4B-00C04F79EFBC}") = "CsharpTrainingTesting.App.Tests", "test\CsharpTrainingTesting.App.Tests\CsharpTrainingTesting.App.Tests.csproj", "{EC680DBC-00F2-4DBD-A1C8-AD68B0D3247B}"
EndProject
Global
	GlobalSection(SolutionConfigurationPlatforms) = preSolution
		Debug|Any CPU = Debug|Any CPU
		Release|Any CPU = Release|Any CPU
	EndGlobalSection
	GlobalSection(SolutionProperties) = preSolution
		HideSolutionNode = FALSE
	EndGlobalSection
	GlobalSection(ProjectConfigurationPlatforms) = postSolution
		{B9376E50-669D-4B8F-953E-A723A74AD31A}.Debug|Any CPU.ActiveCfg = Debug|Any CPU
		{B9376E50-669D-4B8F-953E-A723A74AD31A}.Debug|Any CPU.Build.0 = Debug|Any CPU
		{B9376E50-669D-4B8F-953E-A723A74AD31A}.Release|Any CPU.ActiveCfg = Release|Any CPU
		{B9376E50-669D-4B8F-953E-A723A74AD31A}.Release|Any CPU.Build.0 = Release|Any CPU
		{EC680DBC-00F2-4DBD-A1C8-AD68B0D3247B}.Debug|Any CPU.ActiveCfg = Debug|Any CPU
		{EC680DBC-00F2-4DBD-A1C8-AD68B0D3247B}.Debug|Any CPU.Build.0 = Debug|Any CPU
		{EC680DBC-00F2-4DBD-A1C8-AD68B0D3247B}.Release|Any CPU.ActiveCfg = Release|Any CPU
		{EC680DBC-00F2-4DBD-A1C8-AD68B0D3247B}.Release|Any CPU.Build.0 = Release|Any CPU
	EndGlobalSection
	GlobalSection(NestedProjects) = preSolution
		{B9376E50-669D-4B8F-953E-A723A74AD31A} = {4281858B-23F1-4521-B4AE-7E97A0736BFD}
		{EC680DBC-00F2-4DBD-A1C8-AD68B0D3247B} = {D0EE6C5C-4DD5-40B6-B051-BBEB607E346D}
	EndGlobalSection
EndGlobal
